
Microsoft Visual Studio Solution File, Format Version 12.00
# Visual Studio Version 16
VisualStudioVersion = 16.0.31515.178
MinimumVisualStudioVersion = 10.0.40219.1
Project("{FAE04EC0-301F-11D3-BF4B-00C04F79EFBC}") = "MVCPizza1", "MVCPizza1\MVCPizza1.csproj", "{BF3C417E-D337-49B4-A7F5-BCE926AE822D}"
EndProject
Global
	GlobalSection(SolutionConfigurationPlatforms) = preSolution
		Debug|Any CPU = Debug|Any CPU
		Release|Any CPU = Release|Any CPU
	EndGlobalSection
	GlobalSection(ProjectConfigurationPlatforms) = postSolution
		{BF3C417E-D337-49B4-A7F5-BCE926AE822D}.Debug|Any CPU.ActiveCfg = Debug|Any CPU
		{BF3C417E-D337-49B4-A7F5-BCE926AE822D}.Debug|Any CPU.Build.0 = Debug|Any CPU
		{BF3C417E-D337-49B4-A7F5-BCE926AE822D}.Release|Any CPU.ActiveCfg = Release|Any CPU
		{BF3C417E-D337-49B4-A7F5-BCE926AE822D}.Release|Any CPU.Build.0 = Release|Any CPU
	EndGlobalSection
	GlobalSection(SolutionProperties) = preSolution
		HideSolutionNode = FALSE
	EndGlobalSection
	GlobalSection(ExtensibilityGlobals) = postSolution
		SolutionGuid = {7F9F7E90-5EC7-47A9-9D54-E796EE8E0470}
	EndGlobalSection
EndGlobal
